
Microsoft Visual Studio Solution File, Format Version 12.00
# Visual Studio Version 16
VisualStudioVersion = 16.0.30225.117
MinimumVisualStudioVersion = 10.0.40219.1
Project("{9A19103F-16F7-4668-BE54-9A1E7A4F7556}") = "Calculator", "Calculator\Calculator.csproj", "{5A903AC9-57A7-430F-8350-971669B016CF}"
EndProject
Project("{FAE04EC0-301F-11D3-BF4B-00C04F79EFBC}") = "CalculatorTests", "CalculatorTests\CalculatorTests.csproj", "{7AFFAFAD-C25B-4542-B746-2D9A1EFF1C54}"
EndProject
Project("{FAE04EC0-301F-11D3-BF4B-00C04F79EFBC}") = "CalculatorInterface", "CalculatorInterface\CalculatorInterface.csproj", "{C09F2BFB-0C9D-4BFB-964E-9A132D10A2A0}"
EndProject
Global
	GlobalSection(SolutionConfigurationPlatforms) = preSolution
		Debug|Any CPU = Debug|Any CPU
		Release|Any CPU = Release|Any CPU
	EndGlobalSection
	GlobalSection(ProjectConfigurationPlatforms) = postSolution
		{5A903AC9-57A7-430F-8350-971669B016CF}.Debug|Any CPU.ActiveCfg = Debug|Any CPU
		{5A903AC9-57A7-430F-8350-971669B016CF}.Debug|Any CPU.Build.0 = Debug|Any CPU
		{5A903AC9-57A7-430F-8350-971669B016CF}.Release|Any CPU.ActiveCfg = Release|Any CPU
		{5A903AC9-57A7-430F-8350-971669B016CF}.Release|Any CPU.Build.0 = Release|Any CPU
		{7AFFAFAD-C25B-4542-B746-2D9A1EFF1C54}.Debug|Any CPU.ActiveCfg = Debug|Any CPU
		{7AFFAFAD-C25B-4542-B746-2D9A1EFF1C54}.Debug|Any CPU.Build.0 = Debug|Any CPU
		{7AFFAFAD-C25B-4542-B746-2D9A1EFF1C54}.Release|Any CPU.ActiveCfg = Release|Any CPU
		{7AFFAFAD-C25B-4542-B746-2D9A1EFF1C54}.Release|Any CPU.Build.0 = Release|Any CPU
		{C09F2BFB-0C9D-4BFB-964E-9A132D10A2A0}.Debug|Any CPU.ActiveCfg = Debug|Any CPU
		{C09F2BFB-0C9D-4BFB-964E-9A132D10A2A0}.Debug|Any CPU.Build.0 = Debug|Any CPU
		{C09F2BFB-0C9D-4BFB-964E-9A132D10A2A0}.Release|Any CPU.ActiveCfg = Release|Any CPU
		{C09F2BFB-0C9D-4BFB-964E-9A132D10A2A0}.Release|Any CPU.Build.0 = Release|Any CPU
	EndGlobalSection
	GlobalSection(SolutionProperties) = preSolution
		HideSolutionNode = FALSE
	EndGlobalSection
	GlobalSection(ExtensibilityGlobals) = postSolution
		SolutionGuid = {F017F8E1-3509-429B-BAAA-6CD9341FC2F3}
	EndGlobalSection
EndGlobal
